
Microsoft Visual Studio Solution File, Format Version 12.00
# Visual Studio 2013
VisualStudioVersion = 12.0.40629.0
MinimumVisualStudioVersion = 10.0.40219.1
Project("{FAE04EC0-301F-11D3-BF4B-00C04F79EFBC}") = "SDK_Usage_SampleApp", "SDK_Usage_SampleApp\SDK_Usage_SampleApp.csproj", "{71A34AF1-1157-4DE1-8FC9-C7A671C995F2}"
EndProject
Project("{FAE04EC0-301F-11D3-BF4B-00C04F79EFBC}") = "KasaGE_3.5", "KasaGE_3.5\KasaGE_3.5.csproj", "{49208D73-EB06-4FCF-B7ED-45D66140C110}"
EndProject
Project("{FAE04EC0-301F-11D3-BF4B-00C04F79EFBC}") = "KasaGE_2.0", "KasaGE_2.0\KasaGE_2.0.csproj", "{EBA55E3A-BC85-4CB7-AB92-AB741506429C}"
EndProject
Project("{FAE04EC0-301F-11D3-BF4B-00C04F79EFBC}") = "KasaGE_4.5", "KasaGE_4.5\KasaGE_4.5.csproj", "{CD6AFC81-ECAB-4CF9-B9B7-6EA12C6A49B5}"
EndProject
Project("{FAE04EC0-301F-11D3-BF4B-00C04F79EFBC}") = "KasaGE_4.0", "KasaGE_4.0\KasaGE_4.0.csproj", "{C85CC685-3873-4B5E-8BFC-DFFE5007E57C}"
EndProject
Global
	GlobalSection(SolutionConfigurationPlatforms) = preSolution
		Debug|Any CPU = Debug|Any CPU
		Release|Any CPU = Release|Any CPU
	EndGlobalSection
	GlobalSection(ProjectConfigurationPlatforms) = postSolution
		{71A34AF1-1157-4DE1-8FC9-C7A671C995F2}.Debug|Any CPU.ActiveCfg = Debug|Any CPU
		{71A34AF1-1157-4DE1-8FC9-C7A671C995F2}.Debug|Any CPU.Build.0 = Debug|Any CPU
		{71A34AF1-1157-4DE1-8FC9-C7A671C995F2}.Release|Any CPU.ActiveCfg = Release|Any CPU
		{71A34AF1-1157-4DE1-8FC9-C7A671C995F2}.Release|Any CPU.Build.0 = Release|Any CPU
		{49208D73-EB06-4FCF-B7ED-45D66140C110}.Debug|Any CPU.ActiveCfg = Debug|Any CPU
		{49208D73-EB06-4FCF-B7ED-45D66140C110}.Debug|Any CPU.Build.0 = Debug|Any CPU
		{49208D73-EB06-4FCF-B7ED-45D66140C110}.Release|Any CPU.ActiveCfg = Release|Any CPU
		{49208D73-EB06-4FCF-B7ED-45D66140C110}.Release|Any CPU.Build.0 = Release|Any CPU
		{EBA55E3A-BC85-4CB7-AB92-AB741506429C}.Debug|Any CPU.ActiveCfg = Debug|Any CPU
		{EBA55E3A-BC85-4CB7-AB92-AB741506429C}.Debug|Any CPU.Build.0 = Debug|Any CPU
		{EBA55E3A-BC85-4CB7-AB92-AB741506429C}.Release|Any CPU.ActiveCfg = Release|Any CPU
		{EBA55E3A-BC85-4CB7-AB92-AB741506429C}.Release|Any CPU.Build.0 = Release|Any CPU
		{CD6AFC81-ECAB-4CF9-B9B7-6EA12C6A49B5}.Debug|Any CPU.ActiveCfg = Debug|Any CPU
		{CD6AFC81-ECAB-4CF9-B9B7-6EA12C6A49B5}.Debug|Any CPU.Build.0 = Debug|Any CPU
		{CD6AFC81-ECAB-4CF9-B9B7-6EA12C6A49B5}.Release|Any CPU.ActiveCfg = Release|Any CPU
		{CD6AFC81-ECAB-4CF9-B9B7-6EA12C6A49B5}.Release|Any CPU.Build.0 = Release|Any CPU
		{C85CC685-3873-4B5E-8BFC-DFFE5007E57C}.Debug|Any CPU.ActiveCfg = Debug|Any CPU
		{C85CC685-3873-4B5E-8BFC-DFFE5007E57C}.Debug|Any CPU.Build.0 = Debug|Any CPU
		{C85CC685-3873-4B5E-8BFC-DFFE5007E57C}.Release|Any CPU.ActiveCfg = Release|Any CPU
		{C85CC685-3873-4B5E-8BFC-DFFE5007E57C}.Release|Any CPU.Build.0 = Release|Any CPU
	EndGlobalSection
	GlobalSection(SolutionProperties) = preSolution
		HideSolutionNode = FALSE
	EndGlobalSection
EndGlobal
